
Microsoft Visual Studio Solution File, Format Version 12.00
# Visual Studio Version 16
VisualStudioVersion = 16.0.30804.86
MinimumVisualStudioVersion = 10.0.40219.1
Project("{FAE04EC0-301F-11D3-BF4B-00C04F79EFBC}") = "RectanglePieces", "RectanglePieces\RectanglePieces.csproj", "{E8508C83-AEEC-4428-BD3E-F273CBDF669C}"
EndProject
Global
	GlobalSection(SolutionConfigurationPlatforms) = preSolution
		Debug|Any CPU = Debug|Any CPU
		Release|Any CPU = Release|Any CPU
	EndGlobalSection
	GlobalSection(ProjectConfigurationPlatforms) = postSolution
		{E8508C83-AEEC-4428-BD3E-F273CBDF669C}.Debug|Any CPU.ActiveCfg = Debug|Any CPU
		{E8508C83-AEEC-4428-BD3E-F273CBDF669C}.Debug|Any CPU.Build.0 = Debug|Any CPU
		{E8508C83-AEEC-4428-BD3E-F273CBDF669C}.Release|Any CPU.ActiveCfg = Release|Any CPU
		{E8508C83-AEEC-4428-BD3E-F273CBDF669C}.Release|Any CPU.Build.0 = Release|Any CPU
	EndGlobalSection
	GlobalSection(SolutionProperties) = preSolution
		HideSolutionNode = FALSE
	EndGlobalSection
	GlobalSection(ExtensibilityGlobals) = postSolution
		SolutionGuid = {183CEADB-D834-45EF-84F6-C650E2DB7235}
	EndGlobalSection
EndGlobal
